// !$*UTF8*$!
{
	archiveVersion = 1;
	classes = {
	};
	objectVersion = 56;
	objects = {

/* Begin PBXBuildFile section */
		7180D4B12A59AAC100803209 /* Character.swift in Sources */ = {isa = PBXBuildFile; fileRef = 7180D4B02A59AAC100803209 /* Character.swift */; };
		7180D4B62A59BAAB00803209 /* NetworkService.swift in Sources */ = {isa = PBXBuildFile; fileRef = 7180D4B52A59BAAB00803209 /* NetworkService.swift */; };
		719CF5A32A50C7030042B52C /* CurrentCharacterViewController.swift in Sources */ = {isa = PBXBuildFile; fileRef = 719CF5A22A50C7030042B52C /* CurrentCharacterViewController.swift */; };
		71FE63F72A50AD6100EED9C4 /* AppDelegate.swift in Sources */ = {isa = PBXBuildFile; fileRef = 71FE63F62A50AD6100EED9C4 /* AppDelegate.swift */; };
		71FE63F92A50AD6100EED9C4 /* SceneDelegate.swift in Sources */ = {isa = PBXBuildFile; fileRef = 71FE63F82A50AD6100EED9C4 /* SceneDelegate.swift */; };
		71FE63FB2A50AD6100EED9C4 /* CharactersViewController.swift in Sources */ = {isa = PBXBuildFile; fileRef = 71FE63FA2A50AD6100EED9C4 /* CharactersViewController.swift */; };
		71FE63FE2A50AD6100EED9C4 /* Main.storyboard in Resources */ = {isa = PBXBuildFile; fileRef = 71FE63FC2A50AD6100EED9C4 /* Main.storyboard */; };
		71FE64002A50AD6200EED9C4 /* Assets.xcassets in Resources */ = {isa = PBXBuildFile; fileRef = 71FE63FF2A50AD6200EED9C4 /* Assets.xcassets */; };
		71FE64032A50AD6200EED9C4 /* LaunchScreen.storyboard in Resources */ = {isa = PBXBuildFile; fileRef = 71FE64012A50AD6200EED9C4 /* LaunchScreen.storyboard */; };
/* End PBXBuildFile section */

/* Begin PBXFileReference section */
		7180D4B02A59AAC100803209 /* Character.swift */ = {isa = PBXFileReference; lastKnownFileType = sourcecode.swift; path = Character.swift; sourceTree = "<group>"; };
		7180D4B52A59BAAB00803209 /* NetworkService.swift */ = {isa = PBXFileReference; lastKnownFileType = sourcecode.swift; path = NetworkService.swift; sourceTree = "<group>"; };
		719CF5A22A50C7030042B52C /* CurrentCharacterViewController.swift */ = {isa = PBXFileReference; lastKnownFileType = sourcecode.swift; path = CurrentCharacterViewController.swift; sourceTree = "<group>"; };
		71FE63F32A50AD6100EED9C4 /* rickMorty.app */ = {isa = PBXFileReference; explicitFileType = wrapper.application; includeInIndex = 0; path = rickMorty.app; sourceTree = BUILT_PRODUCTS_DIR; };
		71FE63F62A50AD6100EED9C4 /* AppDelegate.swift */ = {isa = PBXFileReference; lastKnownFileType = sourcecode.swift; path = AppDelegate.swift; sourceTree = "<group>"; };
		71FE63F82A50AD6100EED9C4 /* SceneDelegate.swift */ = {isa = PBXFileReference; lastKnownFileType = sourcecode.swift; path = SceneDelegate.swift; sourceTree = "<group>"; };
		71FE63FA2A50AD6100EED9C4 /* CharactersViewController.swift */ = {isa = PBXFileReference; lastKnownFileType = sourcecode.swift; path = CharactersViewController.swift; sourceTree = "<group>"; };
		71FE63FD2A50AD6100EED9C4 /* Base */ = {isa = PBXFileReference; lastKnownFileType = file.storyboard; name = Base; path = Base.lproj/Main.storyboard; sourceTree = "<group>"; };
		71FE63FF2A50AD6200EED9C4 /* Assets.xcassets */ = {isa = PBXFileReference; lastKnownFileType = folder.assetcatalog; path = Assets.xcassets; sourceTree = "<group>"; };
		71FE64022A50AD6200EED9C4 /* Base */ = {isa = PBXFileReference; lastKnownFileType = file.storyboard; name = Base; path = Base.lproj/LaunchScreen.storyboard; sourceTree = "<group>"; };
		71FE64042A50AD6200EED9C4 /* Info.plist */ = {isa = PBXFileReference; lastKnownFileType = text.plist.xml; path = Info.plist; sourceTree = "<group>"; };
/* End PBXFileReference section */

/* Begin PBXFrameworksBuildPhase section */
		71FE63F02A50AD6100EED9C4 /* Frameworks */ = {
			isa = PBXFrameworksBuildPhase;
			buildActionMask = 2147483647;
			files = (
			);
			runOnlyForDeploymentPostprocessing = 0;
		};
/* End PBXFrameworksBuildPhase section */

/* Begin PBXGroup section */
		7180D4B22A59AAEC00803209 /* Models */ = {
			isa = PBXGroup;
			children = (
				7180D4B02A59AAC100803209 /* Character.swift */,
			);
			path = Models;
			sourceTree = "<group>";
		};
		7180D4B32A59AB0100803209 /* Views */ = {
			isa = PBXGroup;
			children = (
				719CF5A22A50C7030042B52C /* CurrentCharacterViewController.swift */,
				71FE63FA2A50AD6100EED9C4 /* CharactersViewController.swift */,
			);
			path = Views;
			sourceTree = "<group>";
		};
		7180D4B42A59BA9600803209 /* ServiceLayer */ = {
			isa = PBXGroup;
			children = (
				7180D4B52A59BAAB00803209 /* NetworkService.swift */,
			);
			path = ServiceLayer;
			sourceTree = "<group>";
		};
		71FE63EA2A50AD6100EED9C4 = {
			isa = PBXGroup;
			children = (
				71FE63F52A50AD6100EED9C4 /* rickMorty */,
				71FE63F42A50AD6100EED9C4 /* Products */,
			);
			sourceTree = "<group>";
		};
		71FE63F42A50AD6100EED9C4 /* Products */ = {
			isa = PBXGroup;
			children = (
				71FE63F32A50AD6100EED9C4 /* rickMorty.app */,
			);
			name = Products;
			sourceTree = "<group>";
		};
		71FE63F52A50AD6100EED9C4 /* rickMorty */ = {
			isa = PBXGroup;
			children = (
				7180D4B42A59BA9600803209 /* ServiceLayer */,
				71FE63F62A50AD6100EED9C4 /* AppDelegate.swift */,
				71FE63F82A50AD6100EED9C4 /* SceneDelegate.swift */,
				7180D4B32A59AB0100803209 /* Views */,
				7180D4B22A59AAEC00803209 /* Models */,
				71FE63FC2A50AD6100EED9C4 /* Main.storyboard */,
				71FE63FF2A50AD6200EED9C4 /* Assets.xcassets */,
				71FE64012A50AD6200EED9C4 /* LaunchScreen.storyboard */,
				71FE64042A50AD6200EED9C4 /* Info.plist */,
			);
			path = rickMorty;
			sourceTree = "<group>";
		};
/* End PBXGroup section */

/* Begin PBXNativeTarget section */
		71FE63F22A50AD6100EED9C4 /* rickMorty */ = {
			isa = PBXNativeTarget;
			buildConfigurationList = 71FE64072A50AD6200EED9C4 /* Build configuration list for PBXNativeTarget "rickMorty" */;
			buildPhases = (
				71FE63EF2A50AD6100EED9C4 /* Sources */,
				71FE63F02A50AD6100EED9C4 /* Frameworks */,
				71FE63F12A50AD6100EED9C4 /* Resources */,
			);
			buildRules = (
			);
			dependencies = (
			);
			name = rickMorty;
			productName = rickMorty;
			productReference = 71FE63F32A50AD6100EED9C4 /* rickMorty.app */;
			productType = "com.apple.product-type.application";
		};
/* End PBXNativeTarget section */

/* Begin PBXProject section */
		71FE63EB2A50AD6100EED9C4 /* Project object */ = {
			isa = PBXProject;
			attributes = {
				BuildIndependentTargetsInParallel = 1;
				LastSwiftUpdateCheck = 1420;
				LastUpgradeCheck = 1420;
				TargetAttributes = {
					71FE63F22A50AD6100EED9C4 = {
						CreatedOnToolsVersion = 14.2;
					};
				};
			};
			buildConfigurationList = 71FE63EE2A50AD6100EED9C4 /* Build configuration list for PBXProject "rickMorty" */;
			compatibilityVersion = "Xcode 14.0";
			developmentRegion = en;
			hasScannedForEncodings = 0;
			knownRegions = (
				en,
				Base,
			);
			mainGroup = 71FE63EA2A50AD6100EED9C4;
			productRefGroup = 71FE63F42A50AD6100EED9C4 /* Products */;
			projectDirPath = "";
			projectRoot = "";
			targets = (
				71FE63F22A50AD6100EED9C4 /* rickMorty */,
			);
		};
/* End PBXProject section */

/* Begin PBXResourcesBuildPhase section */
		71FE63F12A50AD6100EED9C4 /* Resources */ = {
			isa = PBXResourcesBuildPhase;
			buildActionMask = 2147483647;
			files = (
				71FE64032A50AD6200EED9C4 /* LaunchScreen.storyboard in Resources */,
				71FE64002A50AD6200EED9C4 /* Assets.xcassets in Resources */,
				71FE63FE2A50AD6100EED9C4 /* Main.storyboard in Resources */,
			);
			runOnlyForDeploymentPostprocessing = 0;
		};
/* End PBXResourcesBuildPhase section */

/* Begin PBXSourcesBuildPhase section */
		71FE63EF2A50AD6100EED9C4 /* Sources */ = {
			isa = PBXSourcesBuildPhase;
			buildActionMask = 2147483647;
			files = (
				71FE63FB2A50AD6100EED9C4 /* CharactersViewController.swift in Sources */,
				71FE63F72A50AD6100EED9C4 /* AppDelegate.swift in Sources */,
				7180D4B12A59AAC100803209 /* Character.swift in Sources */,
				71FE63F92A50AD6100EED9C4 /* SceneDelegate.swift in Sources */,
				7180D4B62A59BAAB00803209 /* NetworkService.swift in Sources */,
				719CF5A32A50C7030042B52C /* CurrentCharacterViewController.swift in Sources */,
			);
			runOnlyForDeploymentPostprocessing = 0;
		};
/* End PBXSourcesBuildPhase section */

/* Begin PBXVariantGroup section */
		71FE63FC2A50AD6100EED9C4 /* Main.storyboard */ = {
			isa = PBXVariantGroup;
			children = (
				71FE63FD2A50AD6100EED9C4 /* Base */,
			);
			name = Main.storyboard;
			sourceTree = "<group>";
		};
		71FE64012A50AD6200EED9C4 /* LaunchScreen.storyboard */ = {
			isa = PBXVariantGroup;
			children = (
				71FE64022A50AD6200EED9C4 /* Base */,
			);
			name = LaunchScreen.storyboard;
			sourceTree = "<group>";
		};
/* End PBXVariantGroup section */

/* Begin XCBuildConfiguration section */
		71FE64052A50AD6200EED9C4 /* Debug */ = {
			isa = XCBuildConfiguration;
			buildSettings = {
				ALWAYS_SEARCH_USER_PATHS = NO;
				CLANG_ANALYZER_NONNULL = YES;
				CLANG_ANALYZER_NUMBER_OBJECT_CONVERSION = YES_AGGRESSIVE;
				CLANG_CXX_LANGUAGE_STANDARD = "gnu++20";
				CLANG_ENABLE_MODULES = YES;
				CLANG_ENABLE_OBJC_ARC = YES;
				CLANG_ENABLE_OBJC_WEAK = YES;
				CLANG_WARN_BLOCK_CAPTURE_AUTORELEASING = YES;
				CLANG_WARN_BOOL_CONVERSION = YES;
				CLANG_WARN_COMMA = YES;
				CLANG_WARN_CONSTANT_CONVERSION = YES;
				CLANG_WARN_DEPRECATED_OBJC_IMPLEMENTATIONS = YES;
				CLANG_WARN_DIRECT_OBJC_ISA_USAGE = YES_ERROR;
				CLANG_WARN_DOCUMENTATION_COMMENTS = YES;
				CLANG_WARN_EMPTY_BODY = YES;
				CLANG_WARN_ENUM_CONVERSION = YES;
				CLANG_WARN_INFINITE_RECURSION = YES;
				CLANG_WARN_INT_CONVERSION = YES;
				CLANG_WARN_NON_LITERAL_NULL_CONVERSION = YES;
				CLANG_WARN_OBJC_IMPLICIT_RETAIN_SELF = YES;
				CLANG_WARN_OBJC_LITERAL_CONVERSION = YES;
				CLANG_WARN_OBJC_ROOT_CLASS = YES_ERROR;
				CLANG_WARN_QUOTED_INCLUDE_IN_FRAMEWORK_HEADER = YES;
				CLANG_WARN_RANGE_LOOP_ANALYSIS = YES;
				CLANG_WARN_STRICT_PROTOTYPES = YES;
				CLANG_WARN_SUSPICIOUS_MOVE = YES;
				CLANG_WARN_UNGUARDED_AVAILABILITY = YES_AGGRESSIVE;
				CLANG_WARN_UNREACHABLE_CODE = YES;
				CLANG_WARN__DUPLICATE_METHOD_MATCH = YES;
				COPY_PHASE_STRIP = NO;
				DEBUG_INFORMATION_FORMAT = dwarf;
				ENABLE_STRICT_OBJC_MSGSEND = YES;
				ENABLE_TESTABILITY = YES;
				GCC_C_LANGUAGE_STANDARD = gnu11;
				GCC_DYNAMIC_NO_PIC = NO;
				GCC_NO_COMMON_BLOCKS = YES;
				GCC_OPTIMIZATION_LEVEL = 0;
				GCC_PREPROCESSOR_DEFINITIONS = (
					"DEBUG=1",
					"$(inherited)",
				);
				GCC_WARN_64_TO_32_BIT_CONVERSION = YES;
				GCC_WARN_ABOUT_RETURN_TYPE = YES_ERROR;
				GCC_WARN_UNDECLARED_SELECTOR = YES;
				GCC_WARN_UNINITIALIZED_AUTOS = YES_AGGRESSIVE;
				GCC_WARN_UNUSED_FUNCTION = YES;
				GCC_WARN_UNUSED_VARIABLE = YES;
				IPHONEOS_DEPLOYMENT_TARGET = 16.2;
				MTL_ENABLE_DEBUG_INFO = INCLUDE_SOURCE;
				MTL_FAST_MATH = YES;
				ONLY_ACTIVE_ARCH = YES;
				SDKROOT = iphoneos;
				SWIFT_ACTIVE_COMPILATION_CONDITIONS = DEBUG;
				SWIFT_OPTIMIZATION_LEVEL = "-Onone";
			};
			name = Debug;
		};
		71FE64062A50AD6200EED9C4 /* Release */ = {
			isa = XCBuildConfiguration;
			buildSettings = {
				ALWAYS_SEARCH_USER_PATHS = NO;
				CLANG_ANALYZER_NONNULL = YES;
				CLANG_ANALYZER_NUMBER_OBJECT_CONVERSION = YES_AGGRESSIVE;
				CLANG_CXX_LANGUAGE_STANDARD = "gnu++20";
				CLANG_ENABLE_MODULES = YES;
				CLANG_ENABLE_OBJC_ARC = YES;
				CLANG_ENABLE_OBJC_WEAK = YES;
				CLANG_WARN_BLOCK_CAPTURE_AUTORELEASING = YES;
				CLANG_WARN_BOOL_CONVERSION = YES;
				CLANG_WARN_COMMA = YES;
				CLANG_WARN_CONSTANT_CONVERSION = YES;
				CLANG_WARN_DEPRECATED_OBJC_IMPLEMENTATIONS = YES;
				CLANG_WARN_DIRECT_OBJC_ISA_USAGE = YES_ERROR;
				CLANG_WARN_DOCUMENTATION_COMMENTS = YES;
				CLANG_WARN_EMPTY_BODY = YES;
				CLANG_WARN_ENUM_CONVERSION = YES;
				CLANG_WARN_INFINITE_RECURSION = YES;
				CLANG_WARN_INT_CONVERSION = YES;
				CLANG_WARN_NON_LITERAL_NULL_CONVERSION = YES;
				CLANG_WARN_OBJC_IMPLICIT_RETAIN_SELF = YES;
				CLANG_WARN_OBJC_LITERAL_CONVERSION = YES;
				CLANG_WARN_OBJC_ROOT_CLASS = YES_ERROR;
				CLANG_WARN_QUOTED_INCLUDE_IN_FRAMEWORK_HEADER = YES;
				CLANG_WARN_RANGE_LOOP_ANALYSIS = YES;
				CLANG_WARN_STRICT_PROTOTYPES = YES;
				CLANG_WARN_SUSPICIOUS_MOVE = YES;
				CLANG_WARN_UNGUARDED_AVAILABILITY = YES_AGGRESSIVE;
				CLANG_WARN_UNREACHABLE_CODE = YES;
				CLANG_WARN__DUPLICATE_METHOD_MATCH = YES;
				COPY_PHASE_STRIP = NO;
				DEBUG_INFORMATION_FORMAT = "dwarf-with-dsym";
				ENABLE_NS_ASSERTIONS = NO;
				ENABLE_STRICT_OBJC_MSGSEND = YES;
				GCC_C_LANGUAGE_STANDARD = gnu11;
				GCC_NO_COMMON_BLOCKS = YES;
				GCC_WARN_64_TO_32_BIT_CONVERSION = YES;
				GCC_WARN_ABOUT_RETURN_TYPE = YES_ERROR;
				GCC_WARN_UNDECLARED_SELECTOR = YES;
				GCC_WARN_UNINITIALIZED_AUTOS = YES_AGGRESSIVE;
				GCC_WARN_UNUSED_FUNCTION = YES;
				GCC_WARN_UNUSED_VARIABLE = YES;
				IPHONEOS_DEPLOYMENT_TARGET = 16.2;
				MTL_ENABLE_DEBUG_INFO = NO;
				MTL_FAST_MATH = YES;
				SDKROOT = iphoneos;
				SWIFT_COMPILATION_MODE = wholemodule;
				SWIFT_OPTIMIZATION_LEVEL = "-O";
				VALIDATE_PRODUCT = YES;
			};
			name = Release;
		};
		71FE64082A50AD6200EED9C4 /* Debug */ = {
			isa = XCBuildConfiguration;
			buildSettings = {
				ASSETCATALOG_COMPILER_APPICON_NAME = AppIcon;
				ASSETCATALOG_COMPILER_GLOBAL_ACCENT_COLOR_NAME = AccentColor;
				CODE_SIGN_STYLE = Automatic;
				CURRENT_PROJECT_VERSION = 1;
				GENERATE_INFOPLIST_FILE = YES;
				INFOPLIST_FILE = rickMorty/Info.plist;
				INFOPLIST_KEY_UIApplicationSupportsIndirectInputEvents = YES;
				INFOPLIST_KEY_UILaunchStoryboardName = LaunchScreen;
				INFOPLIST_KEY_UIMainStoryboardFile = Main;
				INFOPLIST_KEY_UISupportedInterfaceOrientations_iPad = "UIInterfaceOrientationPortrait UIInterfaceOrientationPortraitUpsideDown UIInterfaceOrientationLandscapeLeft UIInterfaceOrientationLandscapeRight";
				INFOPLIST_KEY_UISupportedInterfaceOrientations_iPhone = "UIInterfaceOrientationPortrait UIInterfaceOrientationLandscapeLeft UIInterfaceOrientationLandscapeRight";
				LD_RUNPATH_SEARCH_PATHS = (
					"$(inherited)",
					"@executable_path/Frameworks",
				);
				MARKETING_VERSION = 1.0;
				PRODUCT_BUNDLE_IDENTIFIER = ezguga.rickMorty;
				PRODUCT_NAME = "$(TARGET_NAME)";
				SWIFT_EMIT_LOC_STRINGS = YES;
				SWIFT_VERSION = 5.0;
				TARGETED_DEVICE_FAMILY = "1,2";
			};
			name = Debug;
		};
		71FE64092A50AD6200EED9C4 /* Release */ = {
			isa = XCBuildConfiguration;
			buildSettings = {
				ASSETCATALOG_COMPILER_APPICON_NAME = AppIcon;
				ASSETCATALOG_COMPILER_GLOBAL_ACCENT_COLOR_NAME = AccentColor;
				CODE_SIGN_STYLE = Automatic;
				CURRENT_PROJECT_VERSION = 1;
				GENERATE_INFOPLIST_FILE = YES;
				INFOPLIST_FILE = rickMorty/Info.plist;
				INFOPLIST_KEY_UIApplicationSupportsIndirectInputEvents = YES;
				INFOPLIST_KEY_UILaunchStoryboardName = LaunchScreen;
				INFOPLIST_KEY_UIMainStoryboardFile = Main;
				INFOPLIST_KEY_UISupportedInterfaceOrientations_iPad = "UIInterfaceOrientationPortrait UIInterfaceOrientationPortraitUpsideDown UIInterfaceOrientationLandscapeLeft UIInterfaceOrientationLandscapeRight";
				INFOPLIST_KEY_UISupportedInterfaceOrientations_iPhone = "UIInterfaceOrientationPortrait UIInterfaceOrientationLandscapeLeft UIInterfaceOrientationLandscapeRight";
				LD_RUNPATH_SEARCH_PATHS = (
					"$(inherited)",
					"@executable_path/Frameworks",
				);
				MARKETING_VERSION = 1.0;
				PRODUCT_BUNDLE_IDENTIFIER = ezguga.rickMorty;
				PRODUCT_NAME = "$(TARGET_NAME)";
				SWIFT_EMIT_LOC_STRINGS = YES;
				SWIFT_VERSION = 5.0;
				TARGETED_DEVICE_FAMILY = "1,2";
			};
			name = Release;
		};
/* End XCBuildConfiguration section */

/* Begin XCConfigurationList section */
		71FE63EE2A50AD6100EED9C4 /* Build configuration list for PBXProject "rickMorty" */ = {
			isa = XCConfigurationList;
			buildConfigurations = (
				71FE64052A50AD6200EED9C4 /* Debug */,
				71FE64062A50AD6200EED9C4 /* Release */,
			);
			defaultConfigurationIsVisible = 0;
			defaultConfigurationName = Release;
		};
		71FE64072A50AD6200EED9C4 /* Build configuration list for PBXNativeTarget "rickMorty" */ = {
			isa = XCConfigurationList;
			buildConfigurations = (
				71FE64082A50AD6200EED9C4 /* Debug */,
				71FE64092A50AD6200EED9C4 /* Release */,
			);
			defaultConfigurationIsVisible = 0;
			defaultConfigurationName = Release;
		};
/* End XCConfigurationList section */
	};
	rootObject = 71FE63EB2A50AD6100EED9C4 /* Project object */;
}
